
Microsoft Visual Studio Solution File, Format Version 12.00
# Visual Studio Version 17
VisualStudioVersion = 17.13.35605.110 d17.13
MinimumVisualStudioVersion = 10.0.40219.1
Project("{FAE04EC0-301F-11D3-BF4B-00C04F79EFBC}") = "WindowsFormsApp1", "WindowsFormsApp1\WindowsFormsApp1.csproj", "{CD247361-F321-4E59-8849-146AA7F59234}"
EndProject
Global
	GlobalSection(SolutionConfigurationPlatforms) = preSolution
		Debug|Any CPU = Debug|Any CPU
		Release|Any CPU = Release|Any CPU
	EndGlobalSection
	GlobalSection(ProjectConfigurationPlatforms) = postSolution
		{CD247361-F321-4E59-8849-146AA7F59234}.Debug|Any CPU.ActiveCfg = Debug|Any CPU
		{CD247361-F321-4E59-8849-146AA7F59234}.Debug|Any CPU.Build.0 = Debug|Any CPU
		{CD247361-F321-4E59-8849-146AA7F59234}.Release|Any CPU.ActiveCfg = Release|Any CPU
		{CD247361-F321-4E59-8849-146AA7F59234}.Release|Any CPU.Build.0 = Release|Any CPU
	EndGlobalSection
	GlobalSection(SolutionProperties) = preSolution
		HideSolutionNode = FALSE
	EndGlobalSection
	GlobalSection(ExtensibilityGlobals) = postSolution
		SolutionGuid = {B4846B6F-784A-44A5-B30A-0628B6BAA823}
	EndGlobalSection
EndGlobal
